
Microsoft Visual Studio Solution File, Format Version 12.00
# Visual Studio Version 16
VisualStudioVersion = 16.0.29411.138
MinimumVisualStudioVersion = 10.0.40219.1
Project("{8BC9CEB8-8B4A-11D0-8D11-00A0C91BC942}") = "cron_time", "cron_time.vcxproj", "{C552F5D8-8343-4E1A-A28F-BBA509A6514A}"
EndProject
Global
	GlobalSection(SolutionConfigurationPlatforms) = preSolution
		Debug|x64 = Debug|x64
		Debug|x86 = Debug|x86
		Release|x64 = Release|x64
		Release|x86 = Release|x86
	EndGlobalSection
	GlobalSection(ProjectConfigurationPlatforms) = postSolution
		{C552F5D8-8343-4E1A-A28F-BBA509A6514A}.Debug|x64.ActiveCfg = Debug|x64
		{C552F5D8-8343-4E1A-A28F-BBA509A6514A}.Debug|x64.Build.0 = Debug|x64
		{C552F5D8-8343-4E1A-A28F-BBA509A6514A}.Debug|x86.ActiveCfg = Debug|Win32
		{C552F5D8-8343-4E1A-A28F-BBA509A6514A}.Debug|x86.Build.0 = Debug|Win32
		{C552F5D8-8343-4E1A-A28F-BBA509A6514A}.Release|x64.ActiveCfg = Release|x64
		{C552F5D8-8343-4E1A-A28F-BBA509A6514A}.Release|x64.Build.0 = Release|x64
		{C552F5D8-8343-4E1A-A28F-BBA509A6514A}.Release|x86.ActiveCfg = Release|Win32
		{C552F5D8-8343-4E1A-A28F-BBA509A6514A}.Release|x86.Build.0 = Release|Win32
	EndGlobalSection
	GlobalSection(SolutionProperties) = preSolution
		HideSolutionNode = FALSE
	EndGlobalSection
	GlobalSection(ExtensibilityGlobals) = postSolution
		SolutionGuid = {330199F5-91E4-45AC-8D7C-E64D468B2245}
	EndGlobalSection
EndGlobal
